<?xml version="1.0" encoding="utf-8"?>
<Project ToolsVersion="4.0" xmlns="http://schemas.microsoft.com/developer/msbuild/2003">
  <ItemGroup>
    <Filter Include="Source Files">
      <UniqueIdentifier>{4FC737F1-C7A5-4376-A066-2A32D752A2FF}</UniqueIdentifier>
      <Extensions>cpp;c;cc;cxx;def;odl;idl;hpj;bat;asm;asmx</Extensions>
    </Filter>
    <Filter Include="Header Files">
      <UniqueIdentifier>{93995380-89BD-4b04-88EB-625FBE52EBFB}</UniqueIdentifier>
      <Extensions>h;hh;hpp;hxx;hm;inl;inc;xsd</Extensions>
    </Filter>
    <Filter Include="Resource Files">
      <UniqueIdentifier>{67DA6AB6-F800-4c08-8B7A-83BB121AAD01}</UniqueIdentifier>
      <Extensions>rc;ico;cur;bmp;dlg;rc2;rct;bin;rgs;gif;jpg;jpeg;jpe;resx;tiff;tif;png;wav;mfcribbon-ms</Extensions>
    </Filter>
    <Filter Include="src">
      <UniqueIdentifier>{15f39c41-870d-4952-b5df-3d7d0d8bc214}</UniqueIdentifier>
    </Filter>
    <Filter Include="src\graphics">
      <UniqueIdentifier>{b382980c-9790-40d1-b431-a1d6e70472f0}</UniqueIdentifier>
    </Filter>
    <Filter Include="src\input">
      <UniqueIdentifier>{61c3fe8d-9a09-429d-8819-7beb71edcd8f}</UniqueIdentifier>
    </Filter>
    <Filter Include="src\math">
      <UniqueIdentifier>{d0270016-9157-4052-9485-cbdf15db1a44}</UniqueIdentifier>
    </Filter>
  </ItemGroup>
  <ItemGroup>
    <ClCompile Include="main.cpp">
      <Filter>Source Files</Filter>
    </ClCompile>
    <ClCompile Include="math\vec2.cpp">
      <Filter>Source Files</Filter>
    </ClCompile>
    <ClCompile Include="math\vec3.cpp">
      <Filter>Source Files</Filter>
    </ClCompile>
    <ClCompile Include="math\vec4.cpp">
      <Filter>Source Files</Filter>
    </ClCompile>
    <ClCompile Include="graphics\window.cpp">
      <Filter>Source Files</Filter>
    </ClCompile>
    <ClCompile Include="math\mat4.cpp">
      <Filter>Source Files</Filter>
    </ClCompile>
    <ClCompile Include="graphics\shader.cpp">
      <Filter>Source Files</Filter>
    </ClCompile>
    <ClCompile Include="graphics\buffers\buffer.cpp">
      <Filter>Source Files</Filter>
    </ClCompile>
    <ClCompile Include="graphics\buffers\indexbuffer.cpp">
      <Filter>Source Files</Filter>
    </ClCompile>
    <ClCompile Include="graphics\buffers\vertexarray.cpp">
      <Filter>Source Files</Filter>
    </ClCompile>
    <ClCompile Include="graphics\batchrenderer2d.cpp">
      <Filter>Source Files</Filter>
    </ClCompile>
    <ClCompile Include="graphics\sprite.cpp">
      <Filter>Source Files</Filter>
    </ClCompile>
    <ClCompile Include="graphics\layers\layer.cpp">
      <Filter>Source Files</Filter>
    </ClCompile>
    <ClCompile Include="graphics\layers\group.cpp">
      <Filter>Source Files</Filter>
    </ClCompile>
    <ClCompile Include="graphics\texture.cpp">
      <Filter>Source Files</Filter>
    </ClCompile>
    <ClCompile Include="graphics\spritesheet.cpp">
      <Filter>Source Files</Filter>
    </ClCompile>
    <ClCompile Include="..\Dependencies\FreeType-gl\platform.c">
      <Filter>Source Files</Filter>
    </ClCompile>
    <ClCompile Include="..\Dependencies\FreeType-gl\texture-atlas.c">
      <Filter>Source Files</Filter>
    </ClCompile>
    <ClCompile Include="..\Dependencies\FreeType-gl\texture-font.c">
      <Filter>Source Files</Filter>
    </ClCompile>
    <ClCompile Include="..\Dependencies\FreeType-gl\vector.c">
      <Filter>Source Files</Filter>
    </ClCompile>
    <ClCompile Include="soundEngine\soundEngine.cpp">
      <Filter>Source Files</Filter>
    </ClCompile>
    <ClCompile Include="game\tilelayer.cpp">
      <Filter>Source Files</Filter>
    </ClCompile>
    <ClCompile Include="game\scene.cpp">
      <Filter>Source Files</Filter>
    </ClCompile>
    <ClCompile Include="game\player.cpp">
      <Filter>Source Files</Filter>
    </ClCompile>
    <ClCompile Include="graphics\label.cpp">
      <Filter>Source Files</Filter>
    </ClCompile>
    <ClCompile Include="game\game.cpp">
      <Filter>Source Files</Filter>
    </ClCompile>
    <ClCompile Include="game\level.cpp">
      <Filter>Source Files</Filter>
    </ClCompile>
    <ClCompile Include="game\Entities\chest.cpp">
      <Filter>Source Files</Filter>
    </ClCompile>
    <ClCompile Include="game\Entities\key.cpp">
      <Filter>Source Files</Filter>
    </ClCompile>
    <ClCompile Include="game\Components\Transform.cpp">
      <Filter>Source Files</Filter>
    </ClCompile>
    <ClCompile Include="game\Components\animation.cpp">
      <Filter>Source Files</Filter>
    </ClCompile>
    <ClCompile Include="game\Systems\userInput.cpp">
      <Filter>Source Files</Filter>
    </ClCompile>
    <ClCompile Include="game\Components\input.cpp">
      <Filter>Source Files</Filter>
    </ClCompile>
    <ClCompile Include="game\Systems\checkCollision.cpp">
      <Filter>Source Files</Filter>
    </ClCompile>
    <ClCompile Include="game\Components\collision.cpp">
      <Filter>Source Files</Filter>
    </ClCompile>
    <ClCompile Include="game\Components\velocity.cpp">
      <Filter>Source Files</Filter>
    </ClCompile>
    <ClCompile Include="game\Systems\movement.cpp">
      <Filter>Source Files</Filter>
    </ClCompile>
    <ClCompile Include="game\Systems\renderLayerOrder.cpp">
      <Filter>Source Files</Filter>
    </ClCompile>
    <ClCompile Include="game\Entities\disappearingTile.cpp">
      <Filter>Source Files</Filter>
    </ClCompile>
    <ClCompile Include="game\Components\collectible.cpp">
      <Filter>Source Files</Filter>
    </ClCompile>
    <ClCompile Include="game\Components\rectangleAppearance.cpp">
      <Filter>Source Files</Filter>
    </ClCompile>
    <ClCompile Include="game\Components\toDelete.cpp">
      <Filter>Source Files</Filter>
    </ClCompile>
    <ClCompile Include="game\Systems\objectDestroyer.cpp">
      <Filter>Source Files</Filter>
    </ClCompile>
    <ClCompile Include="game\Systems\systemManager.cpp">
      <Filter>Source Files</Filter>
    </ClCompile>
    <ClCompile Include="game\Systems\rendering.cpp">
      <Filter>Source Files</Filter>
    </ClCompile>
    <ClCompile Include="game\Components\spriteComponent.cpp">
      <Filter>Source Files</Filter>
    </ClCompile>
    <ClCompile Include="game\Components\TimerComponent.cpp">
      <Filter>Source Files</Filter>
    </ClCompile>
    <ClCompile Include="game\Systems\timerSystem.cpp">
      <Filter>Source Files</Filter>
    </ClCompile>
  </ItemGroup>
  <ItemGroup>
    <ClInclude Include="math\vec2.h">
      <Filter>Header Files</Filter>
    </ClInclude>
    <ClInclude Include="math\vec3.h">
      <Filter>Header Files</Filter>
    </ClInclude>
    <ClInclude Include="math\vec4.h">
      <Filter>Header Files</Filter>
    </ClInclude>
    <ClInclude Include="graphics\window.h">
      <Filter>Header Files</Filter>
    </ClInclude>
    <ClInclude Include="math\mat4.h">
      <Filter>Header Files</Filter>
    </ClInclude>
    <ClInclude Include="math\_math.h">
      <Filter>Header Files</Filter>
    </ClInclude>
    <ClInclude Include="math\mathFunctions.h">
      <Filter>Header Files</Filter>
    </ClInclude>
    <ClInclude Include="utils\fileutils.h">
      <Filter>Header Files</Filter>
    </ClInclude>
    <ClInclude Include="graphics\shader.h">
      <Filter>Header Files</Filter>
    </ClInclude>
    <ClInclude Include="graphics\buffers\buffer.h">
      <Filter>Header Files</Filter>
    </ClInclude>
    <ClInclude Include="graphics\buffers\indexbuffer.h">
      <Filter>Header Files</Filter>
    </ClInclude>
    <ClInclude Include="graphics\buffers\vertexarray.h">
      <Filter>Header Files</Filter>
    </ClInclude>
    <ClInclude Include="graphics\renderer2d.h">
      <Filter>Header Files</Filter>
    </ClInclude>
    <ClInclude Include="graphics\batchrenderer2d.h">
      <Filter>Header Files</Filter>
    </ClInclude>
    <ClInclude Include="graphics\sprite.h">
      <Filter>Header Files</Filter>
    </ClInclude>
    <ClInclude Include="utils\timer.h">
      <Filter>Header Files</Filter>
    </ClInclude>
    <ClInclude Include="graphics\layers\layer.h">
      <Filter>Header Files</Filter>
    </ClInclude>
    <ClInclude Include="graphics\layers\group.h">
      <Filter>Header Files</Filter>
    </ClInclude>
    <ClInclude Include="graphics\renderable2d.h">
      <Filter>Header Files</Filter>
    </ClInclude>
    <ClInclude Include="graphics\texture.h">
      <Filter>Header Files</Filter>
    </ClInclude>
    <ClInclude Include="utils\imageLoad.h">
      <Filter>Header Files</Filter>
    </ClInclude>
    <ClInclude Include="Engine.h">
      <Filter>Header Files</Filter>
    </ClInclude>
    <ClInclude Include="game\player.h">
      <Filter>Header Files</Filter>
    </ClInclude>
    <ClInclude Include="graphics\spritesheet.h">
      <Filter>Header Files</Filter>
    </ClInclude>
    <ClInclude Include="game\tilelayer.h">
      <Filter>Header Files</Filter>
    </ClInclude>
    <ClInclude Include="game\scene.h">
      <Filter>Header Files</Filter>
    </ClInclude>
    <ClInclude Include="game\Tile.h">
      <Filter>Header Files</Filter>
    </ClInclude>
    <ClInclude Include="game\TmxFile.h">
      <Filter>Header Files</Filter>
    </ClInclude>
    <ClInclude Include="graphics\label.h">
      <Filter>Header Files</Filter>
    </ClInclude>
    <ClInclude Include="..\Dependencies\FreeType-gl\freetype-gl.h">
      <Filter>Header Files</Filter>
    </ClInclude>
    <ClInclude Include="..\Dependencies\FreeType-gl\opengl.h">
      <Filter>Header Files</Filter>
    </ClInclude>
    <ClInclude Include="..\Dependencies\FreeType-gl\platform.h">
      <Filter>Header Files</Filter>
    </ClInclude>
    <ClInclude Include="..\Dependencies\FreeType-gl\texture-atlas.h">
      <Filter>Header Files</Filter>
    </ClInclude>
    <ClInclude Include="..\Dependencies\FreeType-gl\texture-font.h">
      <Filter>Header Files</Filter>
    </ClInclude>
    <ClInclude Include="..\Dependencies\FreeType-gl\vec234.h">
      <Filter>Header Files</Filter>
    </ClInclude>
    <ClInclude Include="..\Dependencies\FreeType-gl\vector.h">
      <Filter>Header Files</Filter>
    </ClInclude>
    <ClInclude Include="soundEngine\soundEngine.h">
      <Filter>Header Files</Filter>
    </ClInclude>
    <ClInclude Include="game\level.h">
      <Filter>Header Files</Filter>
    </ClInclude>
    <ClInclude Include="game\Entities\entity.h">
      <Filter>Header Files</Filter>
    </ClInclude>
    <ClInclude Include="game\Components\component.h">
      <Filter>Header Files</Filter>
    </ClInclude>
    <ClInclude Include="game\Entities\chest.h">
      <Filter>Header Files</Filter>
    </ClInclude>
    <ClInclude Include="game\Entities\key.h">
      <Filter>Header Files</Filter>
    </ClInclude>
    <ClInclude Include="game\Components\Transform.h">
      <Filter>Header Files</Filter>
    </ClInclude>
    <ClInclude Include="game\Components\animation.h">
      <Filter>Header Files</Filter>
    </ClInclude>
    <ClInclude Include="game\Components\frame.h">
      <Filter>Header Files</Filter>
    </ClInclude>
    <ClInclude Include="game\Systems\userInput.h">
      <Filter>Header Files</Filter>
    </ClInclude>
    <ClInclude Include="game\Systems\system.h">
      <Filter>Header Files</Filter>
    </ClInclude>
    <ClInclude Include="game\Components\input.h">
      <Filter>Header Files</Filter>
    </ClInclude>
    <ClInclude Include="game\Systems\checkCollision.h">
      <Filter>Header Files</Filter>
    </ClInclude>
    <ClInclude Include="game\Components\collision.h">
      <Filter>Header Files</Filter>
    </ClInclude>
    <ClInclude Include="game\Components\velocity.h">
      <Filter>Header Files</Filter>
    </ClInclude>
    <ClInclude Include="game\Systems\movement.h">
      <Filter>Header Files</Filter>
    </ClInclude>
    <ClInclude Include="game\Systems\renderLayerOrder.h">
      <Filter>Header Files</Filter>
    </ClInclude>
    <ClInclude Include="game\Entities\disappearingTile.h">
      <Filter>Header Files</Filter>
    </ClInclude>
    <ClInclude Include="game\Components\collectible.h">
      <Filter>Header Files</Filter>
    </ClInclude>
    <ClInclude Include="math\rectangle.h">
      <Filter>Header Files</Filter>
    </ClInclude>
    <ClInclude Include="game\Components\rectangleAppearance.h">
      <Filter>Header Files</Filter>
    </ClInclude>
    <ClInclude Include="game\Components\toDelete.h">
      <Filter>Header Files</Filter>
    </ClInclude>
    <ClInclude Include="game\Systems\objectDestroyer.h">
      <Filter>Header Files</Filter>
    </ClInclude>
    <ClInclude Include="game\Systems\systemManager.h">
      <Filter>Header Files</Filter>
    </ClInclude>
    <ClInclude Include="game\Systems\rendering.h">
      <Filter>Header Files</Filter>
    </ClInclude>
    <ClInclude Include="game\Components\spriteComponent.h">
      <Filter>Header Files</Filter>
    </ClInclude>
    <ClInclude Include="game\Components\timerComponent.h">
      <Filter>Header Files</Filter>
    </ClInclude>
    <ClInclude Include="game\Systems\timerSystem.h">
      <Filter>Header Files</Filter>
    </ClInclude>
    <ClInclude Include="game\cursor.h">
      <Filter>Header Files</Filter>
    </ClInclude>
  </ItemGroup>
  <ItemGroup>
    <None Include="shaders\basic.vert" />
    <None Include="shaders\basic.frag" />
  </ItemGroup>
</Project>