<?xml version="1.0" encoding="utf-8"?>
<Project ToolsVersion="4.0" xmlns="http://schemas.microsoft.com/developer/msbuild/2003">
  <ItemGroup>
    <Filter Include="Source Files">
      <UniqueIdentifier>{4FC737F1-C7A5-4376-A066-2A32D752A2FF}</UniqueIdentifier>
      <Extensions>cpp;c;cc;cxx;def;odl;idl;hpj;bat;asm;asmx</Extensions>
    </Filter>
    <Filter Include="Header Files">
      <UniqueIdentifier>{93995380-89BD-4b04-88EB-625FBE52EBFB}</UniqueIdentifier>
      <Extensions>h;hh;hpp;hxx;hm;inl;inc;xsd</Extensions>
    </Filter>
    <Filter Include="Resource Files">
      <UniqueIdentifier>{67DA6AB6-F800-4c08-8B7A-83BB121AAD01}</UniqueIdentifier>
      <Extensions>rc;ico;cur;bmp;dlg;rc2;rct;bin;rgs;gif;jpg;jpeg;jpe;resx;tiff;tif;png;wav;mfcribbon-ms</Extensions>
    </Filter>
    <Filter Include="src">
      <UniqueIdentifier>{15f39c41-870d-4952-b5df-3d7d0d8bc214}</UniqueIdentifier>
    </Filter>
    <Filter Include="src\graphics">
      <UniqueIdentifier>{b382980c-9790-40d1-b431-a1d6e70472f0}</UniqueIdentifier>
    </Filter>
    <Filter Include="src\input">
      <UniqueIdentifier>{61c3fe8d-9a09-429d-8819-7beb71edcd8f}</UniqueIdentifier>
    </Filter>
    <Filter Include="src\math">
      <UniqueIdentifier>{d0270016-9157-4052-9485-cbdf15db1a44}</UniqueIdentifier>
    </Filter>
  </ItemGroup>
  <ItemGroup>
    <ClCompile Include="main.cpp">
      <Filter>Source Files</Filter>
    </ClCompile>
    <ClCompile Include="math\vec2.cpp">
      <Filter>Source Files</Filter>
    </ClCompile>
    <ClCompile Include="math\vec3.cpp">
      <Filter>Source Files</Filter>
    </ClCompile>
    <ClCompile Include="math\vec4.cpp">
      <Filter>Source Files</Filter>
    </ClCompile>
    <ClCompile Include="graphics\window.cpp">
      <Filter>Source Files</Filter>
    </ClCompile>
    <ClCompile Include="math\mat4.cpp">
      <Filter>Source Files</Filter>
    </ClCompile>
    <ClCompile Include="graphics\shader.cpp">
      <Filter>Source Files</Filter>
    </ClCompile>
    <ClCompile Include="graphics\buffers\buffer.cpp">
      <Filter>Source Files</Filter>
    </ClCompile>
    <ClCompile Include="graphics\buffers\indexbuffer.cpp">
      <Filter>Source Files</Filter>
    </ClCompile>
    <ClCompile Include="graphics\buffers\vertexarray.cpp">
      <Filter>Source Files</Filter>
    </ClCompile>
    <ClCompile Include="graphics\batchrenderer2d.cpp">
      <Filter>Source Files</Filter>
    </ClCompile>
    <ClCompile Include="graphics\sprite.cpp">
      <Filter>Source Files</Filter>
    </ClCompile>
    <ClCompile Include="graphics\layers\layer.cpp">
      <Filter>Source Files</Filter>
    </ClCompile>
    <ClCompile Include="graphics\layers\group.cpp">
      <Filter>Source Files</Filter>
    </ClCompile>
    <ClCompile Include="graphics\texture.cpp">
      <Filter>Source Files</Filter>
    </ClCompile>
    <ClCompile Include="graphics\spritesheet.cpp">
      <Filter>Source Files</Filter>
    </ClCompile>
    <ClCompile Include="..\Dependencies\FreeType-gl\platform.c">
      <Filter>Source Files</Filter>
    </ClCompile>
    <ClCompile Include="..\Dependencies\FreeType-gl\texture-atlas.c">
      <Filter>Source Files</Filter>
    </ClCompile>
    <ClCompile Include="..\Dependencies\FreeType-gl\texture-font.c">
      <Filter>Source Files</Filter>
    </ClCompile>
    <ClCompile Include="..\Dependencies\FreeType-gl\vector.c">
      <Filter>Source Files</Filter>
    </ClCompile>
    <ClCompile Include="graphics\label.cpp">
      <Filter>Source Files</Filter>
    </ClCompile>
    <ClCompile Include="game\Components\toDelete.cpp">
      <Filter>Source Files</Filter>
    </ClCompile>
    <ClCompile Include="game\Systems\objectDestroyer.cpp">
      <Filter>Source Files</Filter>
    </ClCompile>
    <ClCompile Include="game\Components\TimerComponent.cpp">
      <Filter>Source Files</Filter>
    </ClCompile>
    <ClCompile Include="game\Systems\timerSystem.cpp">
      <Filter>Source Files</Filter>
    </ClCompile>
    <ClCompile Include="game\Systems\attackSystem.cpp">
      <Filter>Source Files</Filter>
    </ClCompile>
    <ClCompile Include="game\Components\healthComponent.cpp">
      <Filter>Source Files</Filter>
    </ClCompile>
    <ClCompile Include="game\Components\knockBack.cpp">
      <Filter>Source Files</Filter>
    </ClCompile>
    <ClCompile Include="game\Helper Classes\LocationUtil.cpp">
      <Filter>Source Files</Filter>
    </ClCompile>
    <ClCompile Include="game\Systems\Control\KeyboardInputSystem.cpp">
      <Filter>Source Files</Filter>
    </ClCompile>
    <ClCompile Include="game\Components\Action\Render.cpp">
      <Filter>Source Files</Filter>
    </ClCompile>
    <ClCompile Include="game\Systems\Action\RenderSystem.cpp">
      <Filter>Source Files</Filter>
    </ClCompile>
    <ClCompile Include="game\Systems\Action\MovementSystem.cpp">
      <Filter>Source Files</Filter>
    </ClCompile>
    <ClCompile Include="game\Systems\Control\AIControlSystem.cpp">
      <Filter>Source Files</Filter>
    </ClCompile>
    <ClCompile Include="game\Components\Action\Animation.cpp">
      <Filter>Source Files</Filter>
    </ClCompile>
    <ClCompile Include="game\Animation\AnimationManager.cpp">
      <Filter>Source Files</Filter>
    </ClCompile>
    <ClCompile Include="game\Systems\Action\AnimationSystem.cpp">
      <Filter>Source Files</Filter>
    </ClCompile>
    <ClCompile Include="game\Components\Control\Transform.cpp">
      <Filter>Source Files</Filter>
    </ClCompile>
    <ClCompile Include="game\Components\Physics\Velocity.cpp">
      <Filter>Source Files</Filter>
    </ClCompile>
    <ClCompile Include="game\Components\Control\Input.cpp">
      <Filter>Source Files</Filter>
    </ClCompile>
    <ClCompile Include="game\Systems\Physics\PhysicsSystem.cpp">
      <Filter>Source Files</Filter>
    </ClCompile>
    <ClCompile Include="game\Components\Physics\RectangleCollider.cpp">
      <Filter>Source Files</Filter>
    </ClCompile>
    <ClCompile Include="game\Systems\Action\EntitySpawnerSystem.cpp">
      <Filter>Source Files</Filter>
    </ClCompile>
    <ClCompile Include="game\Components\Physics\Collision.cpp">
      <Filter>Source Files</Filter>
    </ClCompile>
    <ClCompile Include="game\Systems\Physics\CollisionSystem.cpp">
      <Filter>Source Files</Filter>
    </ClCompile>
    <ClCompile Include="game\Layers\ObjectLayer.cpp">
      <Filter>Source Files</Filter>
    </ClCompile>
    <ClCompile Include="game\Levels\Level.cpp">
      <Filter>Source Files</Filter>
    </ClCompile>
    <ClCompile Include="game\Game.cpp">
      <Filter>Source Files</Filter>
    </ClCompile>
    <ClCompile Include="game\GameObjectManager.cpp">
      <Filter>Source Files</Filter>
    </ClCompile>
    <ClCompile Include="game\Entities\Player.cpp">
      <Filter>Source Files</Filter>
    </ClCompile>
    <ClCompile Include="game\Entities\Entity.cpp">
      <Filter>Source Files</Filter>
    </ClCompile>
    <ClCompile Include="game\Entities\Slimes.cpp">
      <Filter>Source Files</Filter>
    </ClCompile>
    <ClCompile Include="game\Layers\TileLayer.cpp">
      <Filter>Source Files</Filter>
    </ClCompile>
    <ClCompile Include="game\SoundEngine\SoundEngine.cpp">
      <Filter>Source Files</Filter>
    </ClCompile>
    <ClCompile Include="game\Scene.cpp">
      <Filter>Source Files</Filter>
    </ClCompile>
    <ClCompile Include="game\Systems\Action\CursorSystem.cpp">
      <Filter>Source Files</Filter>
    </ClCompile>
    <ClCompile Include="game\Components\Control\CursorC.cpp">
      <Filter>Source Files</Filter>
    </ClCompile>
    <ClCompile Include="game\Components\attacks.cpp">
      <Filter>Source Files</Filter>
    </ClCompile>
  </ItemGroup>
  <ItemGroup>
    <ClInclude Include="math\vec2.h">
      <Filter>Header Files</Filter>
    </ClInclude>
    <ClInclude Include="math\vec3.h">
      <Filter>Header Files</Filter>
    </ClInclude>
    <ClInclude Include="math\vec4.h">
      <Filter>Header Files</Filter>
    </ClInclude>
    <ClInclude Include="graphics\window.h">
      <Filter>Header Files</Filter>
    </ClInclude>
    <ClInclude Include="math\mat4.h">
      <Filter>Header Files</Filter>
    </ClInclude>
    <ClInclude Include="math\_math.h">
      <Filter>Header Files</Filter>
    </ClInclude>
    <ClInclude Include="math\mathFunctions.h">
      <Filter>Header Files</Filter>
    </ClInclude>
    <ClInclude Include="utils\fileutils.h">
      <Filter>Header Files</Filter>
    </ClInclude>
    <ClInclude Include="graphics\shader.h">
      <Filter>Header Files</Filter>
    </ClInclude>
    <ClInclude Include="graphics\buffers\buffer.h">
      <Filter>Header Files</Filter>
    </ClInclude>
    <ClInclude Include="graphics\buffers\indexbuffer.h">
      <Filter>Header Files</Filter>
    </ClInclude>
    <ClInclude Include="graphics\buffers\vertexarray.h">
      <Filter>Header Files</Filter>
    </ClInclude>
    <ClInclude Include="graphics\renderer2d.h">
      <Filter>Header Files</Filter>
    </ClInclude>
    <ClInclude Include="graphics\batchrenderer2d.h">
      <Filter>Header Files</Filter>
    </ClInclude>
    <ClInclude Include="graphics\sprite.h">
      <Filter>Header Files</Filter>
    </ClInclude>
    <ClInclude Include="utils\timer.h">
      <Filter>Header Files</Filter>
    </ClInclude>
    <ClInclude Include="graphics\layers\layer.h">
      <Filter>Header Files</Filter>
    </ClInclude>
    <ClInclude Include="graphics\layers\group.h">
      <Filter>Header Files</Filter>
    </ClInclude>
    <ClInclude Include="graphics\renderable2d.h">
      <Filter>Header Files</Filter>
    </ClInclude>
    <ClInclude Include="graphics\texture.h">
      <Filter>Header Files</Filter>
    </ClInclude>
    <ClInclude Include="utils\imageLoad.h">
      <Filter>Header Files</Filter>
    </ClInclude>
    <ClInclude Include="Engine.h">
      <Filter>Header Files</Filter>
    </ClInclude>
    <ClInclude Include="graphics\spritesheet.h">
      <Filter>Header Files</Filter>
    </ClInclude>
    <ClInclude Include="graphics\label.h">
      <Filter>Header Files</Filter>
    </ClInclude>
    <ClInclude Include="..\Dependencies\FreeType-gl\freetype-gl.h">
      <Filter>Header Files</Filter>
    </ClInclude>
    <ClInclude Include="..\Dependencies\FreeType-gl\opengl.h">
      <Filter>Header Files</Filter>
    </ClInclude>
    <ClInclude Include="..\Dependencies\FreeType-gl\platform.h">
      <Filter>Header Files</Filter>
    </ClInclude>
    <ClInclude Include="..\Dependencies\FreeType-gl\texture-atlas.h">
      <Filter>Header Files</Filter>
    </ClInclude>
    <ClInclude Include="..\Dependencies\FreeType-gl\texture-font.h">
      <Filter>Header Files</Filter>
    </ClInclude>
    <ClInclude Include="..\Dependencies\FreeType-gl\vec234.h">
      <Filter>Header Files</Filter>
    </ClInclude>
    <ClInclude Include="..\Dependencies\FreeType-gl\vector.h">
      <Filter>Header Files</Filter>
    </ClInclude>
    <ClInclude Include="math\rectangle.h">
      <Filter>Header Files</Filter>
    </ClInclude>
    <ClInclude Include="game\Components\toDelete.h">
      <Filter>Header Files</Filter>
    </ClInclude>
    <ClInclude Include="game\Systems\objectDestroyer.h">
      <Filter>Header Files</Filter>
    </ClInclude>
    <ClInclude Include="game\Components\timerComponent.h">
      <Filter>Header Files</Filter>
    </ClInclude>
    <ClInclude Include="game\Systems\timerSystem.h">
      <Filter>Header Files</Filter>
    </ClInclude>
    <ClInclude Include="game\Systems\attackSystem.h">
      <Filter>Header Files</Filter>
    </ClInclude>
    <ClInclude Include="game\Components\healthComponent.h">
      <Filter>Header Files</Filter>
    </ClInclude>
    <ClInclude Include="game\Components\knockBack.h">
      <Filter>Header Files</Filter>
    </ClInclude>
    <ClInclude Include="game\Enums\GlobalId.h">
      <Filter>Header Files</Filter>
    </ClInclude>
    <ClInclude Include="game\Enums\Direction.h">
      <Filter>Header Files</Filter>
    </ClInclude>
    <ClInclude Include="game\Systems\Control\KeyboardInputSystem.h">
      <Filter>Header Files</Filter>
    </ClInclude>
    <ClInclude Include="game\Enums\ComponentIDEnum.h">
      <Filter>Header Files</Filter>
    </ClInclude>
    <ClInclude Include="game\Components\Action\Render.h">
      <Filter>Header Files</Filter>
    </ClInclude>
    <ClInclude Include="game\Systems\Action\RenderSystem.h">
      <Filter>Header Files</Filter>
    </ClInclude>
    <ClInclude Include="game\Systems\Action\MovementSystem.h">
      <Filter>Header Files</Filter>
    </ClInclude>
    <ClInclude Include="game\Systems\Control\AIControlSystem.h">
      <Filter>Header Files</Filter>
    </ClInclude>
    <ClInclude Include="game\Components\Action\Animation.h">
      <Filter>Header Files</Filter>
    </ClInclude>
    <ClInclude Include="game\Animation\Frame.h">
      <Filter>Header Files</Filter>
    </ClInclude>
    <ClInclude Include="game\Animation\AnimationManager.h">
      <Filter>Header Files</Filter>
    </ClInclude>
    <ClInclude Include="game\Systems\Action\AnimationSystem.h">
      <Filter>Header Files</Filter>
    </ClInclude>
    <ClInclude Include="game\Components\Control\Transform.h">
      <Filter>Header Files</Filter>
    </ClInclude>
    <ClInclude Include="game\Components\Physics\Velocity.h">
      <Filter>Header Files</Filter>
    </ClInclude>
    <ClInclude Include="game\Components\Control\Input.h">
      <Filter>Header Files</Filter>
    </ClInclude>
    <ClInclude Include="game\Systems\Physics\PhysicsSystem.h">
      <Filter>Header Files</Filter>
    </ClInclude>
    <ClInclude Include="game\Components\Physics\RectangleCollider.h">
      <Filter>Header Files</Filter>
    </ClInclude>
    <ClInclude Include="game\Systems\Action\EntitySpawnerSystem.h">
      <Filter>Header Files</Filter>
    </ClInclude>
    <ClInclude Include="game\Entities\RectangleColliderEnt.h">
      <Filter>Header Files</Filter>
    </ClInclude>
    <ClInclude Include="game\Components\Physics\Collision.h">
      <Filter>Header Files</Filter>
    </ClInclude>
    <ClInclude Include="game\Systems\Physics\CollisionSystem.h">
      <Filter>Header Files</Filter>
    </ClInclude>
    <ClInclude Include="game\Entities\Wall.h">
      <Filter>Header Files</Filter>
    </ClInclude>
    <ClInclude Include="game\Components\component.h">
      <Filter>Header Files</Filter>
    </ClInclude>
    <ClInclude Include="game\Layers\Tile.h">
      <Filter>Header Files</Filter>
    </ClInclude>
    <ClInclude Include="game\Layers\TmxFile.h">
      <Filter>Header Files</Filter>
    </ClInclude>
    <ClInclude Include="game\Layers\ObjectLayer.h">
      <Filter>Header Files</Filter>
    </ClInclude>
    <ClInclude Include="game\Levels\Level.h">
      <Filter>Header Files</Filter>
    </ClInclude>
    <ClInclude Include="game\GameObjectManager.h">
      <Filter>Header Files</Filter>
    </ClInclude>
    <ClInclude Include="game\Entities\Player.h">
      <Filter>Header Files</Filter>
    </ClInclude>
    <ClInclude Include="game\Entities\Entity.h">
      <Filter>Header Files</Filter>
    </ClInclude>
    <ClInclude Include="game\Entities\Slime.h">
      <Filter>Header Files</Filter>
    </ClInclude>
    <ClInclude Include="game\Entities\Fireball.h">
      <Filter>Header Files</Filter>
    </ClInclude>
    <ClInclude Include="game\Entities\AttackTextEntity.h">
      <Filter>Header Files</Filter>
    </ClInclude>
    <ClInclude Include="game\Layers\TileLayer.h">
      <Filter>Header Files</Filter>
    </ClInclude>
    <ClInclude Include="game\SoundEngine\SoundEngine.h">
      <Filter>Header Files</Filter>
    </ClInclude>
    <ClInclude Include="game\Entities\Cursor.h">
      <Filter>Header Files</Filter>
    </ClInclude>
    <ClInclude Include="game\Scene.h">
      <Filter>Header Files</Filter>
    </ClInclude>
    <ClInclude Include="game\Systems\Action\CursorSystem.h">
      <Filter>Header Files</Filter>
    </ClInclude>
    <ClInclude Include="game\Components\Control\CursorC.h">
      <Filter>Header Files</Filter>
    </ClInclude>
    <ClInclude Include="game\Systems\System.h">
      <Filter>Header Files</Filter>
    </ClInclude>
    <ClInclude Include="game\Components\attacks.h">
      <Filter>Header Files</Filter>
    </ClInclude>
  </ItemGroup>
  <ItemGroup>
    <None Include="shaders\basic.vert" />
    <None Include="shaders\basic.frag" />
  </ItemGroup>
  <ItemGroup>
    <Image Include="imgs\basictiles.png">
      <Filter>Resource Files</Filter>
    </Image>
    <Image Include="imgs\defaultCursor.png">
      <Filter>Resource Files</Filter>
    </Image>
    <Image Include="imgs\dungeon.png">
      <Filter>Resource Files</Filter>
    </Image>
    <Image Include="imgs\Flooring.png">
      <Filter>Resource Files</Filter>
    </Image>
    <Image Include="imgs\Flooring_01.png">
      <Filter>Resource Files</Filter>
    </Image>
    <Image Include="imgs\handCursor.png">
      <Filter>Resource Files</Filter>
    </Image>
    <Image Include="imgs\its_not_worth_to_go_in_small.png">
      <Filter>Resource Files</Filter>
    </Image>
    <Image Include="imgs\playerSpritesheet.png">
      <Filter>Resource Files</Filter>
    </Image>
    <Image Include="imgs\sandTest.png">
      <Filter>Resource Files</Filter>
    </Image>
    <Image Include="imgs\tileset_basic_terrain.png">
      <Filter>Resource Files</Filter>
    </Image>
    <Image Include="imgs\tileset_cave.png">
      <Filter>Resource Files</Filter>
    </Image>
    <Image Include="imgs\tileset_mountains.png">
      <Filter>Resource Files</Filter>
    </Image>
    <Image Include="imgs\tileset_mountains2.png">
      <Filter>Resource Files</Filter>
    </Image>
    <Image Include="imgs\tileset_other.png">
      <Filter>Resource Files</Filter>
    </Image>
    <Image Include="imgs\tileset_water.png">
      <Filter>Resource Files</Filter>
    </Image>
    <Image Include="imgs\tileset_water_animated.png">
      <Filter>Resource Files</Filter>
    </Image>
    <Image Include="imgs\when_you (1).png">
      <Filter>Resource Files</Filter>
    </Image>
  </ItemGroup>
</Project>